// !$*UTF8*$!
{
	archiveVersion = 1;
	classes = {
	};
	objectVersion = 56;
	objects = {

/* Begin PBXBuildFile section */
		508A60CB29CF661F009EA4AD /* MoonShootApp.swift in Sources */ = {isa = PBXBuildFile; fileRef = 508A60CA29CF661F009EA4AD /* MoonShootApp.swift */; };
		508A60CD29CF661F009EA4AD /* ContentView.swift in Sources */ = {isa = PBXBuildFile; fileRef = 508A60CC29CF661F009EA4AD /* ContentView.swift */; };
		508A60CF29CF6621009EA4AD /* Assets.xcassets in Resources */ = {isa = PBXBuildFile; fileRef = 508A60CE29CF6621009EA4AD /* Assets.xcassets */; };
		508A60D229CF6621009EA4AD /* Preview Assets.xcassets in Resources */ = {isa = PBXBuildFile; fileRef = 508A60D129CF6621009EA4AD /* Preview Assets.xcassets */; };
		508A60DA29CF663B009EA4AD /* missions.json in Resources */ = {isa = PBXBuildFile; fileRef = 508A60D829CF663B009EA4AD /* missions.json */; };
		508A60DB29CF663B009EA4AD /* astronauts.json in Resources */ = {isa = PBXBuildFile; fileRef = 508A60D929CF663B009EA4AD /* astronauts.json */; };
		508A60DD29CF668B009EA4AD /* Astronaut.swift in Sources */ = {isa = PBXBuildFile; fileRef = 508A60DC29CF668B009EA4AD /* Astronaut.swift */; };
		508A60DF29CF67ED009EA4AD /* Bundle-Decodable.swift in Sources */ = {isa = PBXBuildFile; fileRef = 508A60DE29CF67ED009EA4AD /* Bundle-Decodable.swift */; };
		508A60E129CF6C5C009EA4AD /* Mission.swift in Sources */ = {isa = PBXBuildFile; fileRef = 508A60E029CF6C5C009EA4AD /* Mission.swift */; };
		508A60E329CF76D3009EA4AD /* Color-Theme.swift in Sources */ = {isa = PBXBuildFile; fileRef = 508A60E229CF76D3009EA4AD /* Color-Theme.swift */; };
		508A60E529D08974009EA4AD /* MissionView.swift in Sources */ = {isa = PBXBuildFile; fileRef = 508A60E429D08974009EA4AD /* MissionView.swift */; };
		508A60E729D0A10C009EA4AD /* AstronautView.swift in Sources */ = {isa = PBXBuildFile; fileRef = 508A60E629D0A10B009EA4AD /* AstronautView.swift */; };
		508A60E929D20855009EA4AD /* CrewView.swift in Sources */ = {isa = PBXBuildFile; fileRef = 508A60E829D20855009EA4AD /* CrewView.swift */; };
		508A60EB29D21146009EA4AD /* GridView.swift in Sources */ = {isa = PBXBuildFile; fileRef = 508A60EA29D21146009EA4AD /* GridView.swift */; };
		508A60ED29D21227009EA4AD /* DataController.swift in Sources */ = {isa = PBXBuildFile; fileRef = 508A60EC29D21227009EA4AD /* DataController.swift */; };
		508A60F129D21427009EA4AD /* ListView.swift in Sources */ = {isa = PBXBuildFile; fileRef = 508A60F029D21427009EA4AD /* ListView.swift */; };
/* End PBXBuildFile section */

/* Begin PBXFileReference section */
		508A60C729CF661F009EA4AD /* MoonShoot.app */ = {isa = PBXFileReference; explicitFileType = wrapper.application; includeInIndex = 0; path = MoonShoot.app; sourceTree = BUILT_PRODUCTS_DIR; };
		508A60CA29CF661F009EA4AD /* MoonShootApp.swift */ = {isa = PBXFileReference; lastKnownFileType = sourcecode.swift; path = MoonShootApp.swift; sourceTree = "<group>"; };
		508A60CC29CF661F009EA4AD /* ContentView.swift */ = {isa = PBXFileReference; lastKnownFileType = sourcecode.swift; path = ContentView.swift; sourceTree = "<group>"; };
		508A60CE29CF6621009EA4AD /* Assets.xcassets */ = {isa = PBXFileReference; lastKnownFileType = folder.assetcatalog; path = Assets.xcassets; sourceTree = "<group>"; };
		508A60D129CF6621009EA4AD /* Preview Assets.xcassets */ = {isa = PBXFileReference; lastKnownFileType = folder.assetcatalog; path = "Preview Assets.xcassets"; sourceTree = "<group>"; };
		508A60D829CF663B009EA4AD /* missions.json */ = {isa = PBXFileReference; fileEncoding = 4; lastKnownFileType = text.json; path = missions.json; sourceTree = "<group>"; };
		508A60D929CF663B009EA4AD /* astronauts.json */ = {isa = PBXFileReference; fileEncoding = 4; lastKnownFileType = text.json; path = astronauts.json; sourceTree = "<group>"; };
		508A60DC29CF668B009EA4AD /* Astronaut.swift */ = {isa = PBXFileReference; lastKnownFileType = sourcecode.swift; path = Astronaut.swift; sourceTree = "<group>"; };
		508A60DE29CF67ED009EA4AD /* Bundle-Decodable.swift */ = {isa = PBXFileReference; lastKnownFileType = sourcecode.swift; path = "Bundle-Decodable.swift"; sourceTree = "<group>"; };
		508A60E029CF6C5C009EA4AD /* Mission.swift */ = {isa = PBXFileReference; lastKnownFileType = sourcecode.swift; path = Mission.swift; sourceTree = "<group>"; };
		508A60E229CF76D3009EA4AD /* Color-Theme.swift */ = {isa = PBXFileReference; lastKnownFileType = sourcecode.swift; path = "Color-Theme.swift"; sourceTree = "<group>"; };
		508A60E429D08974009EA4AD /* MissionView.swift */ = {isa = PBXFileReference; lastKnownFileType = sourcecode.swift; path = MissionView.swift; sourceTree = "<group>"; };
		508A60E629D0A10B009EA4AD /* AstronautView.swift */ = {isa = PBXFileReference; lastKnownFileType = sourcecode.swift; path = AstronautView.swift; sourceTree = "<group>"; };
		508A60E829D20855009EA4AD /* CrewView.swift */ = {isa = PBXFileReference; lastKnownFileType = sourcecode.swift; path = CrewView.swift; sourceTree = "<group>"; };
		508A60EA29D21146009EA4AD /* GridView.swift */ = {isa = PBXFileReference; lastKnownFileType = sourcecode.swift; path = GridView.swift; sourceTree = "<group>"; };
		508A60EC29D21227009EA4AD /* DataController.swift */ = {isa = PBXFileReference; lastKnownFileType = sourcecode.swift; path = DataController.swift; sourceTree = "<group>"; };
		508A60F029D21427009EA4AD /* ListView.swift */ = {isa = PBXFileReference; lastKnownFileType = sourcecode.swift; path = ListView.swift; sourceTree = "<group>"; };
/* End PBXFileReference section */

/* Begin PBXFrameworksBuildPhase section */
		508A60C429CF661F009EA4AD /* Frameworks */ = {
			isa = PBXFrameworksBuildPhase;
			buildActionMask = 2147483647;
			files = (
			);
			runOnlyForDeploymentPostprocessing = 0;
		};
/* End PBXFrameworksBuildPhase section */

/* Begin PBXGroup section */
		508A60BE29CF661F009EA4AD = {
			isa = PBXGroup;
			children = (
				508A60C929CF661F009EA4AD /* MoonShoot */,
				508A60C829CF661F009EA4AD /* Products */,
			);
			sourceTree = "<group>";
		};
		508A60C829CF661F009EA4AD /* Products */ = {
			isa = PBXGroup;
			children = (
				508A60C729CF661F009EA4AD /* MoonShoot.app */,
			);
			name = Products;
			sourceTree = "<group>";
		};
		508A60C929CF661F009EA4AD /* MoonShoot */ = {
			isa = PBXGroup;
			children = (
				508A60EF29D21298009EA4AD /* Model */,
				508A60EE29D21276009EA4AD /* Views */,
				508A60CA29CF661F009EA4AD /* MoonShootApp.swift */,
				508A60EC29D21227009EA4AD /* DataController.swift */,
				508A60E229CF76D3009EA4AD /* Color-Theme.swift */,
				508A60DE29CF67ED009EA4AD /* Bundle-Decodable.swift */,
				508A60D929CF663B009EA4AD /* astronauts.json */,
				508A60D829CF663B009EA4AD /* missions.json */,
				508A60CE29CF6621009EA4AD /* Assets.xcassets */,
				508A60D029CF6621009EA4AD /* Preview Content */,
			);
			path = MoonShoot;
			sourceTree = "<group>";
		};
		508A60D029CF6621009EA4AD /* Preview Content */ = {
			isa = PBXGroup;
			children = (
				508A60D129CF6621009EA4AD /* Preview Assets.xcassets */,
			);
			path = "Preview Content";
			sourceTree = "<group>";
		};
		508A60EE29D21276009EA4AD /* Views */ = {
			isa = PBXGroup;
			children = (
				508A60CC29CF661F009EA4AD /* ContentView.swift */,
				508A60EA29D21146009EA4AD /* GridView.swift */,
				508A60F029D21427009EA4AD /* ListView.swift */,
				508A60E629D0A10B009EA4AD /* AstronautView.swift */,
				508A60E429D08974009EA4AD /* MissionView.swift */,
				508A60E829D20855009EA4AD /* CrewView.swift */,
			);
			path = Views;
			sourceTree = "<group>";
		};
		508A60EF29D21298009EA4AD /* Model */ = {
			isa = PBXGroup;
			children = (
				508A60DC29CF668B009EA4AD /* Astronaut.swift */,
				508A60E029CF6C5C009EA4AD /* Mission.swift */,
			);
			path = Model;
			sourceTree = "<group>";
		};
/* End PBXGroup section */

/* Begin PBXNativeTarget section */
		508A60C629CF661F009EA4AD /* MoonShoot */ = {
			isa = PBXNativeTarget;
			buildConfigurationList = 508A60D529CF6621009EA4AD /* Build configuration list for PBXNativeTarget "MoonShoot" */;
			buildPhases = (
				508A60C329CF661F009EA4AD /* Sources */,
				508A60C429CF661F009EA4AD /* Frameworks */,
				508A60C529CF661F009EA4AD /* Resources */,
			);
			buildRules = (
			);
			dependencies = (
			);
			name = MoonShoot;
			productName = MoonShoot;
			productReference = 508A60C729CF661F009EA4AD /* MoonShoot.app */;
			productType = "com.apple.product-type.application";
		};
/* End PBXNativeTarget section */

/* Begin PBXProject section */
		508A60BF29CF661F009EA4AD /* Project object */ = {
			isa = PBXProject;
			attributes = {
				BuildIndependentTargetsInParallel = 1;
				LastSwiftUpdateCheck = 1420;
				LastUpgradeCheck = 1420;
				TargetAttributes = {
					508A60C629CF661F009EA4AD = {
						CreatedOnToolsVersion = 14.2;
					};
				};
			};
			buildConfigurationList = 508A60C229CF661F009EA4AD /* Build configuration list for PBXProject "MoonShoot" */;
			compatibilityVersion = "Xcode 14.0";
			developmentRegion = en;
			hasScannedForEncodings = 0;
			knownRegions = (
				en,
				Base,
			);
			mainGroup = 508A60BE29CF661F009EA4AD;
			productRefGroup = 508A60C829CF661F009EA4AD /* Products */;
			projectDirPath = "";
			projectRoot = "";
			targets = (
				508A60C629CF661F009EA4AD /* MoonShoot */,
			);
		};
/* End PBXProject section */

/* Begin PBXResourcesBuildPhase section */
		508A60C529CF661F009EA4AD /* Resources */ = {
			isa = PBXResourcesBuildPhase;
			buildActionMask = 2147483647;
			files = (
				508A60D229CF6621009EA4AD /* Preview Assets.xcassets in Resources */,
				508A60DA29CF663B009EA4AD /* missions.json in Resources */,
				508A60CF29CF6621009EA4AD /* Assets.xcassets in Resources */,
				508A60DB29CF663B009EA4AD /* astronauts.json in Resources */,
			);
			runOnlyForDeploymentPostprocessing = 0;
		};
/* End PBXResourcesBuildPhase section */

/* Begin PBXSourcesBuildPhase section */
		508A60C329CF661F009EA4AD /* Sources */ = {
			isa = PBXSourcesBuildPhase;
			buildActionMask = 2147483647;
			files = (
				508A60E529D08974009EA4AD /* MissionView.swift in Sources */,
				508A60E929D20855009EA4AD /* CrewView.swift in Sources */,
				508A60DD29CF668B009EA4AD /* Astronaut.swift in Sources */,
				508A60E729D0A10C009EA4AD /* AstronautView.swift in Sources */,
				508A60E329CF76D3009EA4AD /* Color-Theme.swift in Sources */,
				508A60ED29D21227009EA4AD /* DataController.swift in Sources */,
				508A60CD29CF661F009EA4AD /* ContentView.swift in Sources */,
				508A60E129CF6C5C009EA4AD /* Mission.swift in Sources */,
				508A60F129D21427009EA4AD /* ListView.swift in Sources */,
				508A60CB29CF661F009EA4AD /* MoonShootApp.swift in Sources */,
				508A60EB29D21146009EA4AD /* GridView.swift in Sources */,
				508A60DF29CF67ED009EA4AD /* Bundle-Decodable.swift in Sources */,
			);
			runOnlyForDeploymentPostprocessing = 0;
		};
/* End PBXSourcesBuildPhase section */

/* Begin XCBuildConfiguration section */
		508A60D329CF6621009EA4AD /* Debug */ = {
			isa = XCBuildConfiguration;
			buildSettings = {
				ALWAYS_SEARCH_USER_PATHS = NO;
				CLANG_ANALYZER_NONNULL = YES;
				CLANG_ANALYZER_NUMBER_OBJECT_CONVERSION = YES_AGGRESSIVE;
				CLANG_CXX_LANGUAGE_STANDARD = "gnu++20";
				CLANG_ENABLE_MODULES = YES;
				CLANG_ENABLE_OBJC_ARC = YES;
				CLANG_ENABLE_OBJC_WEAK = YES;
				CLANG_WARN_BLOCK_CAPTURE_AUTORELEASING = YES;
				CLANG_WARN_BOOL_CONVERSION = YES;
				CLANG_WARN_COMMA = YES;
				CLANG_WARN_CONSTANT_CONVERSION = YES;
				CLANG_WARN_DEPRECATED_OBJC_IMPLEMENTATIONS = YES;
				CLANG_WARN_DIRECT_OBJC_ISA_USAGE = YES_ERROR;
				CLANG_WARN_DOCUMENTATION_COMMENTS = YES;
				CLANG_WARN_EMPTY_BODY = YES;
				CLANG_WARN_ENUM_CONVERSION = YES;
				CLANG_WARN_INFINITE_RECURSION = YES;
				CLANG_WARN_INT_CONVERSION = YES;
				CLANG_WARN_NON_LITERAL_NULL_CONVERSION = YES;
				CLANG_WARN_OBJC_IMPLICIT_RETAIN_SELF = YES;
				CLANG_WARN_OBJC_LITERAL_CONVERSION = YES;
				CLANG_WARN_OBJC_ROOT_CLASS = YES_ERROR;
				CLANG_WARN_QUOTED_INCLUDE_IN_FRAMEWORK_HEADER = YES;
				CLANG_WARN_RANGE_LOOP_ANALYSIS = YES;
				CLANG_WARN_STRICT_PROTOTYPES = YES;
				CLANG_WARN_SUSPICIOUS_MOVE = YES;
				CLANG_WARN_UNGUARDED_AVAILABILITY = YES_AGGRESSIVE;
				CLANG_WARN_UNREACHABLE_CODE = YES;
				CLANG_WARN__DUPLICATE_METHOD_MATCH = YES;
				COPY_PHASE_STRIP = NO;
				DEBUG_INFORMATION_FORMAT = dwarf;
				ENABLE_STRICT_OBJC_MSGSEND = YES;
				ENABLE_TESTABILITY = YES;
				GCC_C_LANGUAGE_STANDARD = gnu11;
				GCC_DYNAMIC_NO_PIC = NO;
				GCC_NO_COMMON_BLOCKS = YES;
				GCC_OPTIMIZATION_LEVEL = 0;
				GCC_PREPROCESSOR_DEFINITIONS = (
					"DEBUG=1",
					"$(inherited)",
				);
				GCC_WARN_64_TO_32_BIT_CONVERSION = YES;
				GCC_WARN_ABOUT_RETURN_TYPE = YES_ERROR;
				GCC_WARN_UNDECLARED_SELECTOR = YES;
				GCC_WARN_UNINITIALIZED_AUTOS = YES_AGGRESSIVE;
				GCC_WARN_UNUSED_FUNCTION = YES;
				GCC_WARN_UNUSED_VARIABLE = YES;
				IPHONEOS_DEPLOYMENT_TARGET = 16.2;
				MTL_ENABLE_DEBUG_INFO = INCLUDE_SOURCE;
				MTL_FAST_MATH = YES;
				ONLY_ACTIVE_ARCH = YES;
				SDKROOT = iphoneos;
				SWIFT_ACTIVE_COMPILATION_CONDITIONS = DEBUG;
				SWIFT_OPTIMIZATION_LEVEL = "-Onone";
			};
			name = Debug;
		};
		508A60D429CF6621009EA4AD /* Release */ = {
			isa = XCBuildConfiguration;
			buildSettings = {
				ALWAYS_SEARCH_USER_PATHS = NO;
				CLANG_ANALYZER_NONNULL = YES;
				CLANG_ANALYZER_NUMBER_OBJECT_CONVERSION = YES_AGGRESSIVE;
				CLANG_CXX_LANGUAGE_STANDARD = "gnu++20";
				CLANG_ENABLE_MODULES = YES;
				CLANG_ENABLE_OBJC_ARC = YES;
				CLANG_ENABLE_OBJC_WEAK = YES;
				CLANG_WARN_BLOCK_CAPTURE_AUTORELEASING = YES;
				CLANG_WARN_BOOL_CONVERSION = YES;
				CLANG_WARN_COMMA = YES;
				CLANG_WARN_CONSTANT_CONVERSION = YES;
				CLANG_WARN_DEPRECATED_OBJC_IMPLEMENTATIONS = YES;
				CLANG_WARN_DIRECT_OBJC_ISA_USAGE = YES_ERROR;
				CLANG_WARN_DOCUMENTATION_COMMENTS = YES;
				CLANG_WARN_EMPTY_BODY = YES;
				CLANG_WARN_ENUM_CONVERSION = YES;
				CLANG_WARN_INFINITE_RECURSION = YES;
				CLANG_WARN_INT_CONVERSION = YES;
				CLANG_WARN_NON_LITERAL_NULL_CONVERSION = YES;
				CLANG_WARN_OBJC_IMPLICIT_RETAIN_SELF = YES;
				CLANG_WARN_OBJC_LITERAL_CONVERSION = YES;
				CLANG_WARN_OBJC_ROOT_CLASS = YES_ERROR;
				CLANG_WARN_QUOTED_INCLUDE_IN_FRAMEWORK_HEADER = YES;
				CLANG_WARN_RANGE_LOOP_ANALYSIS = YES;
				CLANG_WARN_STRICT_PROTOTYPES = YES;
				CLANG_WARN_SUSPICIOUS_MOVE = YES;
				CLANG_WARN_UNGUARDED_AVAILABILITY = YES_AGGRESSIVE;
				CLANG_WARN_UNREACHABLE_CODE = YES;
				CLANG_WARN__DUPLICATE_METHOD_MATCH = YES;
				COPY_PHASE_STRIP = NO;
				DEBUG_INFORMATION_FORMAT = "dwarf-with-dsym";
				ENABLE_NS_ASSERTIONS = NO;
				ENABLE_STRICT_OBJC_MSGSEND = YES;
				GCC_C_LANGUAGE_STANDARD = gnu11;
				GCC_NO_COMMON_BLOCKS = YES;
				GCC_WARN_64_TO_32_BIT_CONVERSION = YES;
				GCC_WARN_ABOUT_RETURN_TYPE = YES_ERROR;
				GCC_WARN_UNDECLARED_SELECTOR = YES;
				GCC_WARN_UNINITIALIZED_AUTOS = YES_AGGRESSIVE;
				GCC_WARN_UNUSED_FUNCTION = YES;
				GCC_WARN_UNUSED_VARIABLE = YES;
				IPHONEOS_DEPLOYMENT_TARGET = 16.2;
				MTL_ENABLE_DEBUG_INFO = NO;
				MTL_FAST_MATH = YES;
				SDKROOT = iphoneos;
				SWIFT_COMPILATION_MODE = wholemodule;
				SWIFT_OPTIMIZATION_LEVEL = "-O";
				VALIDATE_PRODUCT = YES;
			};
			name = Release;
		};
		508A60D629CF6621009EA4AD /* Debug */ = {
			isa = XCBuildConfiguration;
			buildSettings = {
				ASSETCATALOG_COMPILER_APPICON_NAME = AppIcon;
				ASSETCATALOG_COMPILER_GLOBAL_ACCENT_COLOR_NAME = AccentColor;
				CODE_SIGN_STYLE = Automatic;
				CURRENT_PROJECT_VERSION = 1;
				DEVELOPMENT_ASSET_PATHS = "\"MoonShoot/Preview Content\"";
				DEVELOPMENT_TEAM = 2BQ23KF27X;
				ENABLE_PREVIEWS = YES;
				GENERATE_INFOPLIST_FILE = YES;
				INFOPLIST_KEY_UIApplicationSceneManifest_Generation = YES;
				INFOPLIST_KEY_UIApplicationSupportsIndirectInputEvents = YES;
				INFOPLIST_KEY_UILaunchScreen_Generation = YES;
				INFOPLIST_KEY_UISupportedInterfaceOrientations_iPad = "UIInterfaceOrientationPortrait UIInterfaceOrientationPortraitUpsideDown UIInterfaceOrientationLandscapeLeft UIInterfaceOrientationLandscapeRight";
				INFOPLIST_KEY_UISupportedInterfaceOrientations_iPhone = "UIInterfaceOrientationPortrait UIInterfaceOrientationLandscapeLeft UIInterfaceOrientationLandscapeRight";
				LD_RUNPATH_SEARCH_PATHS = (
					"$(inherited)",
					"@executable_path/Frameworks",
				);
				MARKETING_VERSION = 1.0;
				PRODUCT_BUNDLE_IDENTIFIER = com.tolight.MoonShoot;
				PRODUCT_NAME = "$(TARGET_NAME)";
				SWIFT_EMIT_LOC_STRINGS = YES;
				SWIFT_VERSION = 5.0;
				TARGETED_DEVICE_FAMILY = "1,2";
			};
			name = Debug;
		};
		508A60D729CF6621009EA4AD /* Release */ = {
			isa = XCBuildConfiguration;
			buildSettings = {
				ASSETCATALOG_COMPILER_APPICON_NAME = AppIcon;
				ASSETCATALOG_COMPILER_GLOBAL_ACCENT_COLOR_NAME = AccentColor;
				CODE_SIGN_STYLE = Automatic;
				CURRENT_PROJECT_VERSION = 1;
				DEVELOPMENT_ASSET_PATHS = "\"MoonShoot/Preview Content\"";
				DEVELOPMENT_TEAM = 2BQ23KF27X;
				ENABLE_PREVIEWS = YES;
				GENERATE_INFOPLIST_FILE = YES;
				INFOPLIST_KEY_UIApplicationSceneManifest_Generation = YES;
				INFOPLIST_KEY_UIApplicationSupportsIndirectInputEvents = YES;
				INFOPLIST_KEY_UILaunchScreen_Generation = YES;
				INFOPLIST_KEY_UISupportedInterfaceOrientations_iPad = "UIInterfaceOrientationPortrait UIInterfaceOrientationPortraitUpsideDown UIInterfaceOrientationLandscapeLeft UIInterfaceOrientationLandscapeRight";
				INFOPLIST_KEY_UISupportedInterfaceOrientations_iPhone = "UIInterfaceOrientationPortrait UIInterfaceOrientationLandscapeLeft UIInterfaceOrientationLandscapeRight";
				LD_RUNPATH_SEARCH_PATHS = (
					"$(inherited)",
					"@executable_path/Frameworks",
				);
				MARKETING_VERSION = 1.0;
				PRODUCT_BUNDLE_IDENTIFIER = com.tolight.MoonShoot;
				PRODUCT_NAME = "$(TARGET_NAME)";
				SWIFT_EMIT_LOC_STRINGS = YES;
				SWIFT_VERSION = 5.0;
				TARGETED_DEVICE_FAMILY = "1,2";
			};
			name = Release;
		};
/* End XCBuildConfiguration section */

/* Begin XCConfigurationList section */
		508A60C229CF661F009EA4AD /* Build configuration list for PBXProject "MoonShoot" */ = {
			isa = XCConfigurationList;
			buildConfigurations = (
				508A60D329CF6621009EA4AD /* Debug */,
				508A60D429CF6621009EA4AD /* Release */,
			);
			defaultConfigurationIsVisible = 0;
			defaultConfigurationName = Release;
		};
		508A60D529CF6621009EA4AD /* Build configuration list for PBXNativeTarget "MoonShoot" */ = {
			isa = XCConfigurationList;
			buildConfigurations = (
				508A60D629CF6621009EA4AD /* Debug */,
				508A60D729CF6621009EA4AD /* Release */,
			);
			defaultConfigurationIsVisible = 0;
			defaultConfigurationName = Release;
		};
/* End XCConfigurationList section */
	};
	rootObject = 508A60BF29CF661F009EA4AD /* Project object */;
}
